// !$*UTF8*$!
{
	archiveVersion = 1;
	classes = {
	};
	objectVersion = 48;
	objects = {

/* Begin PBXBuildFile section */
		370B4A612060AB9500DD0ABE /* JacktripCore.swift in Sources */ = {isa = PBXBuildFile; fileRef = 370B4A602060AB9500DD0ABE /* JacktripCore.swift */; };
		370B4A632060B9B300DD0ABE /* GlobalConstants.swift in Sources */ = {isa = PBXBuildFile; fileRef = 370B4A622060B9B300DD0ABE /* GlobalConstants.swift */; };
		370B4A672061D9E200DD0ABE /* ProcessTrigger.swift in Sources */ = {isa = PBXBuildFile; fileRef = 370B4A662061D9E200DD0ABE /* ProcessTrigger.swift */; };
		370B4A6C2061FDAD00DD0ABE /* JacktripViewController.swift in Sources */ = {isa = PBXBuildFile; fileRef = 370B4A6B2061FDAD00DD0ABE /* JacktripViewController.swift */; };
		37742271205A3BD800793886 /* AppDelegate.swift in Sources */ = {isa = PBXBuildFile; fileRef = 37742270205A3BD800793886 /* AppDelegate.swift */; };
		37742275205A3BD800793886 /* Assets.xcassets in Resources */ = {isa = PBXBuildFile; fileRef = 37742274205A3BD800793886 /* Assets.xcassets */; };
		37742278205A3BD800793886 /* Main.storyboard in Resources */ = {isa = PBXBuildFile; fileRef = 37742276205A3BD800793886 /* Main.storyboard */; };
		37C78C532066003100390FD7 /* ServerTableView.swift in Sources */ = {isa = PBXBuildFile; fileRef = 37C78C522066003100390FD7 /* ServerTableView.swift */; };
		37DB0BF42063745C0062376D /* NumberOnlyFormatter.swift in Sources */ = {isa = PBXBuildFile; fileRef = 37DB0BF32063745C0062376D /* NumberOnlyFormatter.swift */; };
		37DB0BF82064AECC0062376D /* BlankWindow.swift in Sources */ = {isa = PBXBuildFile; fileRef = 37DB0BF72064AECC0062376D /* BlankWindow.swift */; };
/* End PBXBuildFile section */

/* Begin PBXFileReference section */
		370B4A602060AB9500DD0ABE /* JacktripCore.swift */ = {isa = PBXFileReference; lastKnownFileType = sourcecode.swift; path = JacktripCore.swift; sourceTree = "<group>"; };
		370B4A622060B9B300DD0ABE /* GlobalConstants.swift */ = {isa = PBXFileReference; lastKnownFileType = sourcecode.swift; path = GlobalConstants.swift; sourceTree = "<group>"; };
		370B4A662061D9E200DD0ABE /* ProcessTrigger.swift */ = {isa = PBXFileReference; lastKnownFileType = sourcecode.swift; path = ProcessTrigger.swift; sourceTree = "<group>"; };
		370B4A6B2061FDAD00DD0ABE /* JacktripViewController.swift */ = {isa = PBXFileReference; fileEncoding = 4; lastKnownFileType = sourcecode.swift; name = JacktripViewController.swift; path = JacktripGui/Controller/JacktripViewController.swift; sourceTree = SOURCE_ROOT; };
		3774226D205A3BD800793886 /* JacktripGui.app */ = {isa = PBXFileReference; explicitFileType = wrapper.application; includeInIndex = 0; path = JacktripGui.app; sourceTree = BUILT_PRODUCTS_DIR; };
		37742270205A3BD800793886 /* AppDelegate.swift */ = {isa = PBXFileReference; lastKnownFileType = sourcecode.swift; path = AppDelegate.swift; sourceTree = "<group>"; };
		37742274205A3BD800793886 /* Assets.xcassets */ = {isa = PBXFileReference; lastKnownFileType = folder.assetcatalog; path = Assets.xcassets; sourceTree = "<group>"; };
		37742277205A3BD800793886 /* Base */ = {isa = PBXFileReference; lastKnownFileType = file.storyboard; name = Base; path = Base.lproj/Main.storyboard; sourceTree = "<group>"; };
		37742279205A3BD800793886 /* Info.plist */ = {isa = PBXFileReference; lastKnownFileType = text.plist.xml; path = Info.plist; sourceTree = "<group>"; };
		3774227A205A3BD800793886 /* JacktripGui.entitlements */ = {isa = PBXFileReference; lastKnownFileType = text.plist.entitlements; path = JacktripGui.entitlements; sourceTree = "<group>"; };
		37C78C522066003100390FD7 /* ServerTableView.swift */ = {isa = PBXFileReference; lastKnownFileType = sourcecode.swift; path = ServerTableView.swift; sourceTree = "<group>"; };
		37DB0BF32063745C0062376D /* NumberOnlyFormatter.swift */ = {isa = PBXFileReference; lastKnownFileType = sourcecode.swift; path = NumberOnlyFormatter.swift; sourceTree = "<group>"; };
		37DB0BF72064AECC0062376D /* BlankWindow.swift */ = {isa = PBXFileReference; lastKnownFileType = sourcecode.swift; path = BlankWindow.swift; sourceTree = "<group>"; };
/* End PBXFileReference section */

/* Begin PBXFrameworksBuildPhase section */
		3774226A205A3BD800793886 /* Frameworks */ = {
			isa = PBXFrameworksBuildPhase;
			buildActionMask = 2147483647;
			files = (
			);
			runOnlyForDeploymentPostprocessing = 0;
		};
/* End PBXFrameworksBuildPhase section */

/* Begin PBXGroup section */
		370B4A682061D9EB00DD0ABE /* View */ = {
			isa = PBXGroup;
			children = (
				37DB0BF72064AECC0062376D /* BlankWindow.swift */,
				370B4A662061D9E200DD0ABE /* ProcessTrigger.swift */,
				37DB0BF32063745C0062376D /* NumberOnlyFormatter.swift */,
				37C78C522066003100390FD7 /* ServerTableView.swift */,
			);
			path = View;
			sourceTree = "<group>";
		};
		370B4A692061D9FB00DD0ABE /* Model */ = {
			isa = PBXGroup;
			children = (
				370B4A622060B9B300DD0ABE /* GlobalConstants.swift */,
				370B4A602060AB9500DD0ABE /* JacktripCore.swift */,
			);
			path = Model;
			sourceTree = "<group>";
		};
		370B4A6A2061DA0200DD0ABE /* Controller */ = {
			isa = PBXGroup;
			children = (
				370B4A6B2061FDAD00DD0ABE /* JacktripViewController.swift */,
			);
			path = Controller;
			sourceTree = "<group>";
		};
		37742264205A3BD800793886 = {
			isa = PBXGroup;
			children = (
				3774226F205A3BD800793886 /* JacktripGui */,
				3774226E205A3BD800793886 /* Products */,
			);
			sourceTree = "<group>";
		};
		3774226E205A3BD800793886 /* Products */ = {
			isa = PBXGroup;
			children = (
				3774226D205A3BD800793886 /* JacktripGui.app */,
			);
			name = Products;
			sourceTree = "<group>";
		};
		3774226F205A3BD800793886 /* JacktripGui */ = {
			isa = PBXGroup;
			children = (
				37742280205A3E4200793886 /* Supporting Files */,
				370B4A6A2061DA0200DD0ABE /* Controller */,
				370B4A682061D9EB00DD0ABE /* View */,
				370B4A692061D9FB00DD0ABE /* Model */,
				37742276205A3BD800793886 /* Main.storyboard */,
			);
			path = JacktripGui;
			sourceTree = "<group>";
		};
		37742280205A3E4200793886 /* Supporting Files */ = {
			isa = PBXGroup;
			children = (
				3774227A205A3BD800793886 /* JacktripGui.entitlements */,
				37742270205A3BD800793886 /* AppDelegate.swift */,
				37742274205A3BD800793886 /* Assets.xcassets */,
				37742279205A3BD800793886 /* Info.plist */,
			);
			path = "Supporting Files";
			sourceTree = "<group>";
		};
/* End PBXGroup section */

/* Begin PBXNativeTarget section */
		3774226C205A3BD800793886 /* JacktripGui */ = {
			isa = PBXNativeTarget;
			buildConfigurationList = 3774227D205A3BD800793886 /* Build configuration list for PBXNativeTarget "JacktripGui" */;
			buildPhases = (
				37742269205A3BD800793886 /* Sources */,
				3774226A205A3BD800793886 /* Frameworks */,
				3774226B205A3BD800793886 /* Resources */,
			);
			buildRules = (
			);
			dependencies = (
			);
			name = JacktripGui;
			productName = JacktripGui;
			productReference = 3774226D205A3BD800793886 /* JacktripGui.app */;
			productType = "com.apple.product-type.application";
		};
/* End PBXNativeTarget section */

/* Begin PBXProject section */
		37742265205A3BD800793886 /* Project object */ = {
			isa = PBXProject;
			attributes = {
				LastSwiftUpdateCheck = 0920;
				LastUpgradeCheck = 0920;
				ORGANIZATIONNAME = "NSI Lab";
				TargetAttributes = {
					3774226C205A3BD800793886 = {
						CreatedOnToolsVersion = 9.2;
						ProvisioningStyle = Automatic;
					};
				};
			};
			buildConfigurationList = 37742268205A3BD800793886 /* Build configuration list for PBXProject "JacktripGui" */;
			compatibilityVersion = "Xcode 8.0";
			developmentRegion = en;
			hasScannedForEncodings = 0;
			knownRegions = (
				en,
				Base,
			);
			mainGroup = 37742264205A3BD800793886;
			productRefGroup = 3774226E205A3BD800793886 /* Products */;
			projectDirPath = "";
			projectRoot = "";
			targets = (
				3774226C205A3BD800793886 /* JacktripGui */,
			);
		};
/* End PBXProject section */

/* Begin PBXResourcesBuildPhase section */
		3774226B205A3BD800793886 /* Resources */ = {
			isa = PBXResourcesBuildPhase;
			buildActionMask = 2147483647;
			files = (
				37742275205A3BD800793886 /* Assets.xcassets in Resources */,
				37742278205A3BD800793886 /* Main.storyboard in Resources */,
			);
			runOnlyForDeploymentPostprocessing = 0;
		};
/* End PBXResourcesBuildPhase section */

/* Begin PBXSourcesBuildPhase section */
		37742269205A3BD800793886 /* Sources */ = {
			isa = PBXSourcesBuildPhase;
			buildActionMask = 2147483647;
			files = (
				37742271205A3BD800793886 /* AppDelegate.swift in Sources */,
				370B4A632060B9B300DD0ABE /* GlobalConstants.swift in Sources */,
				37C78C532066003100390FD7 /* ServerTableView.swift in Sources */,
				370B4A672061D9E200DD0ABE /* ProcessTrigger.swift in Sources */,
				37DB0BF42063745C0062376D /* NumberOnlyFormatter.swift in Sources */,
				37DB0BF82064AECC0062376D /* BlankWindow.swift in Sources */,
				370B4A6C2061FDAD00DD0ABE /* JacktripViewController.swift in Sources */,
				370B4A612060AB9500DD0ABE /* JacktripCore.swift in Sources */,
			);
			runOnlyForDeploymentPostprocessing = 0;
		};
/* End PBXSourcesBuildPhase section */

/* Begin PBXVariantGroup section */
		37742276205A3BD800793886 /* Main.storyboard */ = {
			isa = PBXVariantGroup;
			children = (
				37742277205A3BD800793886 /* Base */,
			);
			name = Main.storyboard;
			sourceTree = "<group>";
		};
/* End PBXVariantGroup section */

/* Begin XCBuildConfiguration section */
		3774227B205A3BD800793886 /* Debug */ = {
			isa = XCBuildConfiguration;
			buildSettings = {
				ALWAYS_SEARCH_USER_PATHS = NO;
				CLANG_ANALYZER_NONNULL = YES;
				CLANG_ANALYZER_NUMBER_OBJECT_CONVERSION = YES_AGGRESSIVE;
				CLANG_CXX_LANGUAGE_STANDARD = "gnu++14";
				CLANG_CXX_LIBRARY = "libc++";
				CLANG_ENABLE_MODULES = YES;
				CLANG_ENABLE_OBJC_ARC = YES;
				CLANG_WARN_BLOCK_CAPTURE_AUTORELEASING = YES;
				CLANG_WARN_BOOL_CONVERSION = YES;
				CLANG_WARN_COMMA = YES;
				CLANG_WARN_CONSTANT_CONVERSION = YES;
				CLANG_WARN_DIRECT_OBJC_ISA_USAGE = YES_ERROR;
				CLANG_WARN_DOCUMENTATION_COMMENTS = YES;
				CLANG_WARN_EMPTY_BODY = YES;
				CLANG_WARN_ENUM_CONVERSION = YES;
				CLANG_WARN_INFINITE_RECURSION = YES;
				CLANG_WARN_INT_CONVERSION = YES;
				CLANG_WARN_NON_LITERAL_NULL_CONVERSION = YES;
				CLANG_WARN_OBJC_LITERAL_CONVERSION = YES;
				CLANG_WARN_OBJC_ROOT_CLASS = YES_ERROR;
				CLANG_WARN_RANGE_LOOP_ANALYSIS = YES;
				CLANG_WARN_STRICT_PROTOTYPES = YES;
				CLANG_WARN_SUSPICIOUS_MOVE = YES;
				CLANG_WARN_UNGUARDED_AVAILABILITY = YES_AGGRESSIVE;
				CLANG_WARN_UNREACHABLE_CODE = YES;
				CLANG_WARN__DUPLICATE_METHOD_MATCH = YES;
				CODE_SIGN_IDENTITY = "Mac Developer";
				COPY_PHASE_STRIP = NO;
				DEBUG_INFORMATION_FORMAT = dwarf;
				ENABLE_STRICT_OBJC_MSGSEND = YES;
				ENABLE_TESTABILITY = YES;
				GCC_C_LANGUAGE_STANDARD = gnu11;
				GCC_DYNAMIC_NO_PIC = NO;
				GCC_NO_COMMON_BLOCKS = YES;
				GCC_OPTIMIZATION_LEVEL = 0;
				GCC_PREPROCESSOR_DEFINITIONS = (
					"DEBUG=1",
					"$(inherited)",
				);
				GCC_WARN_64_TO_32_BIT_CONVERSION = YES;
				GCC_WARN_ABOUT_RETURN_TYPE = YES_ERROR;
				GCC_WARN_UNDECLARED_SELECTOR = YES;
				GCC_WARN_UNINITIALIZED_AUTOS = YES_AGGRESSIVE;
				GCC_WARN_UNUSED_FUNCTION = YES;
				GCC_WARN_UNUSED_VARIABLE = YES;
				MACOSX_DEPLOYMENT_TARGET = 10.13;
				MTL_ENABLE_DEBUG_INFO = YES;
				ONLY_ACTIVE_ARCH = YES;
				SDKROOT = macosx;
				SWIFT_ACTIVE_COMPILATION_CONDITIONS = DEBUG;
				SWIFT_OPTIMIZATION_LEVEL = "-Onone";
			};
			name = Debug;
		};
		3774227C205A3BD800793886 /* Release */ = {
			isa = XCBuildConfiguration;
			buildSettings = {
				ALWAYS_SEARCH_USER_PATHS = NO;
				CLANG_ANALYZER_NONNULL = YES;
				CLANG_ANALYZER_NUMBER_OBJECT_CONVERSION = YES_AGGRESSIVE;
				CLANG_CXX_LANGUAGE_STANDARD = "gnu++14";
				CLANG_CXX_LIBRARY = "libc++";
				CLANG_ENABLE_MODULES = YES;
				CLANG_ENABLE_OBJC_ARC = YES;
				CLANG_WARN_BLOCK_CAPTURE_AUTORELEASING = YES;
				CLANG_WARN_BOOL_CONVERSION = YES;
				CLANG_WARN_COMMA = YES;
				CLANG_WARN_CONSTANT_CONVERSION = YES;
				CLANG_WARN_DIRECT_OBJC_ISA_USAGE = YES_ERROR;
				CLANG_WARN_DOCUMENTATION_COMMENTS = YES;
				CLANG_WARN_EMPTY_BODY = YES;
				CLANG_WARN_ENUM_CONVERSION = YES;
				CLANG_WARN_INFINITE_RECURSION = YES;
				CLANG_WARN_INT_CONVERSION = YES;
				CLANG_WARN_NON_LITERAL_NULL_CONVERSION = YES;
				CLANG_WARN_OBJC_LITERAL_CONVERSION = YES;
				CLANG_WARN_OBJC_ROOT_CLASS = YES_ERROR;
				CLANG_WARN_RANGE_LOOP_ANALYSIS = YES;
				CLANG_WARN_STRICT_PROTOTYPES = YES;
				CLANG_WARN_SUSPICIOUS_MOVE = YES;
				CLANG_WARN_UNGUARDED_AVAILABILITY = YES_AGGRESSIVE;
				CLANG_WARN_UNREACHABLE_CODE = YES;
				CLANG_WARN__DUPLICATE_METHOD_MATCH = YES;
				CODE_SIGN_IDENTITY = "Mac Developer";
				COPY_PHASE_STRIP = NO;
				DEBUG_INFORMATION_FORMAT = "dwarf-with-dsym";
				ENABLE_NS_ASSERTIONS = NO;
				ENABLE_STRICT_OBJC_MSGSEND = YES;
				GCC_C_LANGUAGE_STANDARD = gnu11;
				GCC_NO_COMMON_BLOCKS = YES;
				GCC_WARN_64_TO_32_BIT_CONVERSION = YES;
				GCC_WARN_ABOUT_RETURN_TYPE = YES_ERROR;
				GCC_WARN_UNDECLARED_SELECTOR = YES;
				GCC_WARN_UNINITIALIZED_AUTOS = YES_AGGRESSIVE;
				GCC_WARN_UNUSED_FUNCTION = YES;
				GCC_WARN_UNUSED_VARIABLE = YES;
				MACOSX_DEPLOYMENT_TARGET = 10.13;
				MTL_ENABLE_DEBUG_INFO = NO;
				SDKROOT = macosx;
				SWIFT_OPTIMIZATION_LEVEL = "-Owholemodule";
			};
			name = Release;
		};
		3774227E205A3BD800793886 /* Debug */ = {
			isa = XCBuildConfiguration;
			buildSettings = {
				ASSETCATALOG_COMPILER_APPICON_NAME = AppIcon;
				CODE_SIGN_ENTITLEMENTS = "JacktripGui/Supporting Files/JacktripGui.entitlements";
				CODE_SIGN_STYLE = Automatic;
				COMBINE_HIDPI_IMAGES = YES;
				DEVELOPMENT_TEAM = Z4D95JBCN9;
				INFOPLIST_FILE = "JacktripGui/Supporting Files/Info.plist";
				LD_RUNPATH_SEARCH_PATHS = "$(inherited) @executable_path/../Frameworks";
				MACOSX_DEPLOYMENT_TARGET = 10.11;
				PRODUCT_BUNDLE_IDENTIFIER = com.nsi.JacktripGui;
				PRODUCT_NAME = "$(TARGET_NAME)";
				SWIFT_VERSION = 4.0;
			};
			name = Debug;
		};
		3774227F205A3BD800793886 /* Release */ = {
			isa = XCBuildConfiguration;
			buildSettings = {
				ASSETCATALOG_COMPILER_APPICON_NAME = AppIcon;
				CODE_SIGN_ENTITLEMENTS = "JacktripGui/Supporting Files/JacktripGui.entitlements";
				CODE_SIGN_STYLE = Automatic;
				COMBINE_HIDPI_IMAGES = YES;
				DEVELOPMENT_TEAM = Z4D95JBCN9;
				INFOPLIST_FILE = "JacktripGui/Supporting Files/Info.plist";
				LD_RUNPATH_SEARCH_PATHS = "$(inherited) @executable_path/../Frameworks";
				MACOSX_DEPLOYMENT_TARGET = 10.11;
				PRODUCT_BUNDLE_IDENTIFIER = com.nsi.JacktripGui;
				PRODUCT_NAME = "$(TARGET_NAME)";
				SWIFT_VERSION = 4.0;
			};
			name = Release;
		};
/* End XCBuildConfiguration section */

/* Begin XCConfigurationList section */
		37742268205A3BD800793886 /* Build configuration list for PBXProject "JacktripGui" */ = {
			isa = XCConfigurationList;
			buildConfigurations = (
				3774227B205A3BD800793886 /* Debug */,
				3774227C205A3BD800793886 /* Release */,
			);
			defaultConfigurationIsVisible = 0;
			defaultConfigurationName = Release;
		};
		3774227D205A3BD800793886 /* Build configuration list for PBXNativeTarget "JacktripGui" */ = {
			isa = XCConfigurationList;
			buildConfigurations = (
				3774227E205A3BD800793886 /* Debug */,
				3774227F205A3BD800793886 /* Release */,
			);
			defaultConfigurationIsVisible = 0;
			defaultConfigurationName = Release;
		};
/* End XCConfigurationList section */
	};
	rootObject = 37742265205A3BD800793886 /* Project object */;
}
